
Microsoft Visual Studio Solution File, Format Version 12.00
# Visual Studio Version 17
VisualStudioVersion = 17.4.33213.308
MinimumVisualStudioVersion = 10.0.40219.1
Project("{FAE04EC0-301F-11D3-BF4B-00C04F79EFBC}") = "WinFormsExamen", "WinFormsExamen\WinFormsExamen.csproj", "{707CF878-8F92-4EBE-9A6D-7036355C0B6C}"
EndProject
Global
	GlobalSection(SolutionConfigurationPlatforms) = preSolution
		Debug|Any CPU = Debug|Any CPU
		Release|Any CPU = Release|Any CPU
	EndGlobalSection
	GlobalSection(ProjectConfigurationPlatforms) = postSolution
		{707CF878-8F92-4EBE-9A6D-7036355C0B6C}.Debug|Any CPU.ActiveCfg = Debug|Any CPU
		{707CF878-8F92-4EBE-9A6D-7036355C0B6C}.Debug|Any CPU.Build.0 = Debug|Any CPU
		{707CF878-8F92-4EBE-9A6D-7036355C0B6C}.Release|Any CPU.ActiveCfg = Release|Any CPU
		{707CF878-8F92-4EBE-9A6D-7036355C0B6C}.Release|Any CPU.Build.0 = Release|Any CPU
	EndGlobalSection
	GlobalSection(SolutionProperties) = preSolution
		HideSolutionNode = FALSE
	EndGlobalSection
	GlobalSection(ExtensibilityGlobals) = postSolution
		SolutionGuid = {F6127E0F-3012-41B0-942D-15B88E1ABC93}
	EndGlobalSection
EndGlobal
